
Microsoft Visual Studio Solution File, Format Version 12.00
# Visual Studio 15
VisualStudioVersion = 15.0.28307.1267
MinimumVisualStudioVersion = 10.0.40219.1
Project("{FAE04EC0-301F-11D3-BF4B-00C04F79EFBC}") = "ServerCodeMtk-P3-20180140108", "ServerCodeMtk-P3-20180140108.csproj", "{445B4698-E485-4F57-9A48-B220A60D7ADC}"
EndProject
Global
	GlobalSection(SolutionConfigurationPlatforms) = preSolution
		Debug|Any CPU = Debug|Any CPU
		Release|Any CPU = Release|Any CPU
	EndGlobalSection
	GlobalSection(ProjectConfigurationPlatforms) = postSolution
		{445B4698-E485-4F57-9A48-B220A60D7ADC}.Debug|Any CPU.ActiveCfg = Debug|Any CPU
		{445B4698-E485-4F57-9A48-B220A60D7ADC}.Debug|Any CPU.Build.0 = Debug|Any CPU
		{445B4698-E485-4F57-9A48-B220A60D7ADC}.Release|Any CPU.ActiveCfg = Release|Any CPU
		{445B4698-E485-4F57-9A48-B220A60D7ADC}.Release|Any CPU.Build.0 = Release|Any CPU
	EndGlobalSection
	GlobalSection(SolutionProperties) = preSolution
		HideSolutionNode = FALSE
	EndGlobalSection
	GlobalSection(ExtensibilityGlobals) = postSolution
		SolutionGuid = {19EDEF06-D96F-489A-9947-A1567D89FDDC}
	EndGlobalSection
EndGlobal
